
Microsoft Visual Studio Solution File, Format Version 12.00
# Visual Studio 15
VisualStudioVersion = 15.0.27703.2042
MinimumVisualStudioVersion = 10.0.40219.1
Project("{FAE04EC0-301F-11D3-BF4B-00C04F79EFBC}") = "CFSessionDB.Android", "CFSessionDB\CFSessionDB.Android\CFSessionDB.Android.csproj", "{61E1333D-98DC-4CBE-BFBD-17FD1B9A6F3B}"
EndProject
Project("{FAE04EC0-301F-11D3-BF4B-00C04F79EFBC}") = "CFSessionDB.iOS", "CFSessionDB\CFSessionDB.iOS\CFSessionDB.iOS.csproj", "{73E4F9AE-3598-4B48-B8B2-5AE55FE231B4}"
EndProject
Project("{FAE04EC0-301F-11D3-BF4B-00C04F79EFBC}") = "CFSessionDB", "CFSessionDB\CFSessionDB\CFSessionDB.csproj", "{3D6D2F57-97F8-4272-80A5-369CC1D23EFD}"
EndProject
Global
	GlobalSection(SolutionConfigurationPlatforms) = preSolution
		Ad-Hoc|Any CPU = Ad-Hoc|Any CPU
		Ad-Hoc|iPhone = Ad-Hoc|iPhone
		Ad-Hoc|iPhoneSimulator = Ad-Hoc|iPhoneSimulator
		AppStore|Any CPU = AppStore|Any CPU
		AppStore|iPhone = AppStore|iPhone
		AppStore|iPhoneSimulator = AppStore|iPhoneSimulator
		Debug|Any CPU = Debug|Any CPU
		Debug|iPhone = Debug|iPhone
		Debug|iPhoneSimulator = Debug|iPhoneSimulator
		Release|Any CPU = Release|Any CPU
		Release|iPhone = Release|iPhone
		Release|iPhoneSimulator = Release|iPhoneSimulator
	EndGlobalSection
	GlobalSection(ProjectConfigurationPlatforms) = postSolution
		{61E1333D-98DC-4CBE-BFBD-17FD1B9A6F3B}.Ad-Hoc|Any CPU.ActiveCfg = Release|Any CPU
		{61E1333D-98DC-4CBE-BFBD-17FD1B9A6F3B}.Ad-Hoc|Any CPU.Build.0 = Release|Any CPU
		{61E1333D-98DC-4CBE-BFBD-17FD1B9A6F3B}.Ad-Hoc|Any CPU.Deploy.0 = Release|Any CPU
		{61E1333D-98DC-4CBE-BFBD-17FD1B9A6F3B}.Ad-Hoc|iPhone.ActiveCfg = Release|Any CPU
		{61E1333D-98DC-4CBE-BFBD-17FD1B9A6F3B}.Ad-Hoc|iPhone.Build.0 = Release|Any CPU
		{61E1333D-98DC-4CBE-BFBD-17FD1B9A6F3B}.Ad-Hoc|iPhone.Deploy.0 = Release|Any CPU
		{61E1333D-98DC-4CBE-BFBD-17FD1B9A6F3B}.Ad-Hoc|iPhoneSimulator.ActiveCfg = Release|Any CPU
		{61E1333D-98DC-4CBE-BFBD-17FD1B9A6F3B}.Ad-Hoc|iPhoneSimulator.Build.0 = Release|Any CPU
		{61E1333D-98DC-4CBE-BFBD-17FD1B9A6F3B}.Ad-Hoc|iPhoneSimulator.Deploy.0 = Release|Any CPU
		{61E1333D-98DC-4CBE-BFBD-17FD1B9A6F3B}.AppStore|Any CPU.ActiveCfg = Release|Any CPU
		{61E1333D-98DC-4CBE-BFBD-17FD1B9A6F3B}.AppStore|Any CPU.Build.0 = Release|Any CPU
		{61E1333D-98DC-4CBE-BFBD-17FD1B9A6F3B}.AppStore|Any CPU.Deploy.0 = Release|Any CPU
		{61E1333D-98DC-4CBE-BFBD-17FD1B9A6F3B}.AppStore|iPhone.ActiveCfg = Release|Any CPU
		{61E1333D-98DC-4CBE-BFBD-17FD1B9A6F3B}.AppStore|iPhone.Build.0 = Release|Any CPU
		{61E1333D-98DC-4CBE-BFBD-17FD1B9A6F3B}.AppStore|iPhone.Deploy.0 = Release|Any CPU
		{61E1333D-98DC-4CBE-BFBD-17FD1B9A6F3B}.AppStore|iPhoneSimulator.ActiveCfg = Release|Any CPU
		{61E1333D-98DC-4CBE-BFBD-17FD1B9A6F3B}.AppStore|iPhoneSimulator.Build.0 = Release|Any CPU
		{61E1333D-98DC-4CBE-BFBD-17FD1B9A6F3B}.AppStore|iPhoneSimulator.Deploy.0 = Release|Any CPU
		{61E1333D-98DC-4CBE-BFBD-17FD1B9A6F3B}.Debug|Any CPU.ActiveCfg = Debug|Any CPU
		{61E1333D-98DC-4CBE-BFBD-17FD1B9A6F3B}.Debug|Any CPU.Build.0 = Debug|Any CPU
		{61E1333D-98DC-4CBE-BFBD-17FD1B9A6F3B}.Debug|Any CPU.Deploy.0 = Debug|Any CPU
		{61E1333D-98DC-4CBE-BFBD-17FD1B9A6F3B}.Debug|iPhone.ActiveCfg = Debug|Any CPU
		{61E1333D-98DC-4CBE-BFBD-17FD1B9A6F3B}.Debug|iPhone.Build.0 = Debug|Any CPU
		{61E1333D-98DC-4CBE-BFBD-17FD1B9A6F3B}.Debug|iPhone.Deploy.0 = Debug|Any CPU
		{61E1333D-98DC-4CBE-BFBD-17FD1B9A6F3B}.Debug|iPhoneSimulator.ActiveCfg = Debug|Any CPU
		{61E1333D-98DC-4CBE-BFBD-17FD1B9A6F3B}.Debug|iPhoneSimulator.Build.0 = Debug|Any CPU
		{61E1333D-98DC-4CBE-BFBD-17FD1B9A6F3B}.Debug|iPhoneSimulator.Deploy.0 = Debug|Any CPU
		{61E1333D-98DC-4CBE-BFBD-17FD1B9A6F3B}.Release|Any CPU.ActiveCfg = Release|Any CPU
		{61E1333D-98DC-4CBE-BFBD-17FD1B9A6F3B}.Release|Any CPU.Build.0 = Release|Any CPU
		{61E1333D-98DC-4CBE-BFBD-17FD1B9A6F3B}.Release|Any CPU.Deploy.0 = Release|Any CPU
		{61E1333D-98DC-4CBE-BFBD-17FD1B9A6F3B}.Release|iPhone.ActiveCfg = Release|Any CPU
		{61E1333D-98DC-4CBE-BFBD-17FD1B9A6F3B}.Release|iPhone.Build.0 = Release|Any CPU
		{61E1333D-98DC-4CBE-BFBD-17FD1B9A6F3B}.Release|iPhone.Deploy.0 = Release|Any CPU
		{61E1333D-98DC-4CBE-BFBD-17FD1B9A6F3B}.Release|iPhoneSimulator.ActiveCfg = Release|Any CPU
		{61E1333D-98DC-4CBE-BFBD-17FD1B9A6F3B}.Release|iPhoneSimulator.Build.0 = Release|Any CPU
		{61E1333D-98DC-4CBE-BFBD-17FD1B9A6F3B}.Release|iPhoneSimulator.Deploy.0 = Release|Any CPU
		{73E4F9AE-3598-4B48-B8B2-5AE55FE231B4}.Ad-Hoc|Any CPU.ActiveCfg = Ad-Hoc|iPhone
		{73E4F9AE-3598-4B48-B8B2-5AE55FE231B4}.Ad-Hoc|Any CPU.Build.0 = Ad-Hoc|iPhone
		{73E4F9AE-3598-4B48-B8B2-5AE55FE231B4}.Ad-Hoc|Any CPU.Deploy.0 = Ad-Hoc|iPhone
		{73E4F9AE-3598-4B48-B8B2-5AE55FE231B4}.Ad-Hoc|iPhone.ActiveCfg = Ad-Hoc|iPhone
		{73E4F9AE-3598-4B48-B8B2-5AE55FE231B4}.Ad-Hoc|iPhone.Build.0 = Ad-Hoc|iPhone
		{73E4F9AE-3598-4B48-B8B2-5AE55FE231B4}.Ad-Hoc|iPhone.Deploy.0 = Ad-Hoc|iPhone
		{73E4F9AE-3598-4B48-B8B2-5AE55FE231B4}.Ad-Hoc|iPhoneSimulator.ActiveCfg = Ad-Hoc|iPhoneSimulator
		{73E4F9AE-3598-4B48-B8B2-5AE55FE231B4}.Ad-Hoc|iPhoneSimulator.Build.0 = Ad-Hoc|iPhoneSimulator
		{73E4F9AE-3598-4B48-B8B2-5AE55FE231B4}.Ad-Hoc|iPhoneSimulator.Deploy.0 = Ad-Hoc|iPhoneSimulator
		{73E4F9AE-3598-4B48-B8B2-5AE55FE231B4}.AppStore|Any CPU.ActiveCfg = AppStore|iPhone
		{73E4F9AE-3598-4B48-B8B2-5AE55FE231B4}.AppStore|Any CPU.Build.0 = AppStore|iPhone
		{73E4F9AE-3598-4B48-B8B2-5AE55FE231B4}.AppStore|Any CPU.Deploy.0 = AppStore|iPhone
		{73E4F9AE-3598-4B48-B8B2-5AE55FE231B4}.AppStore|iPhone.ActiveCfg = AppStore|iPhone
		{73E4F9AE-3598-4B48-B8B2-5AE55FE231B4}.AppStore|iPhone.Build.0 = AppStore|iPhone
		{73E4F9AE-3598-4B48-B8B2-5AE55FE231B4}.AppStore|iPhone.Deploy.0 = AppStore|iPhone
		{73E4F9AE-3598-4B48-B8B2-5AE55FE231B4}.AppStore|iPhoneSimulator.ActiveCfg = AppStore|iPhoneSimulator
		{73E4F9AE-3598-4B48-B8B2-5AE55FE231B4}.AppStore|iPhoneSimulator.Build.0 = AppStore|iPhoneSimulator
		{73E4F9AE-3598-4B48-B8B2-5AE55FE231B4}.AppStore|iPhoneSimulator.Deploy.0 = AppStore|iPhoneSimulator
		{73E4F9AE-3598-4B48-B8B2-5AE55FE231B4}.Debug|Any CPU.ActiveCfg = Debug|iPhoneSimulator
		{73E4F9AE-3598-4B48-B8B2-5AE55FE231B4}.Debug|Any CPU.Build.0 = Debug|iPhoneSimulator
		{73E4F9AE-3598-4B48-B8B2-5AE55FE231B4}.Debug|Any CPU.Deploy.0 = Debug|iPhoneSimulator
		{73E4F9AE-3598-4B48-B8B2-5AE55FE231B4}.Debug|iPhone.ActiveCfg = Debug|iPhone
		{73E4F9AE-3598-4B48-B8B2-5AE55FE231B4}.Debug|iPhone.Build.0 = Debug|iPhone
		{73E4F9AE-3598-4B48-B8B2-5AE55FE231B4}.Debug|iPhone.Deploy.0 = Debug|iPhone
		{73E4F9AE-3598-4B48-B8B2-5AE55FE231B4}.Debug|iPhoneSimulator.ActiveCfg = Debug|iPhoneSimulator
		{73E4F9AE-3598-4B48-B8B2-5AE55FE231B4}.Debug|iPhoneSimulator.Build.0 = Debug|iPhoneSimulator
		{73E4F9AE-3598-4B48-B8B2-5AE55FE231B4}.Debug|iPhoneSimulator.Deploy.0 = Debug|iPhoneSimulator
		{73E4F9AE-3598-4B48-B8B2-5AE55FE231B4}.Release|Any CPU.ActiveCfg = Release|iPhone
		{73E4F9AE-3598-4B48-B8B2-5AE55FE231B4}.Release|Any CPU.Build.0 = Release|iPhone
		{73E4F9AE-3598-4B48-B8B2-5AE55FE231B4}.Release|Any CPU.Deploy.0 = Release|iPhone
		{73E4F9AE-3598-4B48-B8B2-5AE55FE231B4}.Release|iPhone.ActiveCfg = Release|iPhone
		{73E4F9AE-3598-4B48-B8B2-5AE55FE231B4}.Release|iPhone.Build.0 = Release|iPhone
		{73E4F9AE-3598-4B48-B8B2-5AE55FE231B4}.Release|iPhone.Deploy.0 = Release|iPhone
		{73E4F9AE-3598-4B48-B8B2-5AE55FE231B4}.Release|iPhoneSimulator.ActiveCfg = Release|iPhoneSimulator
		{73E4F9AE-3598-4B48-B8B2-5AE55FE231B4}.Release|iPhoneSimulator.Build.0 = Release|iPhoneSimulator
		{73E4F9AE-3598-4B48-B8B2-5AE55FE231B4}.Release|iPhoneSimulator.Deploy.0 = Release|iPhoneSimulator
		{3D6D2F57-97F8-4272-80A5-369CC1D23EFD}.Ad-Hoc|Any CPU.ActiveCfg = Debug|Any CPU
		{3D6D2F57-97F8-4272-80A5-369CC1D23EFD}.Ad-Hoc|Any CPU.Build.0 = Debug|Any CPU
		{3D6D2F57-97F8-4272-80A5-369CC1D23EFD}.Ad-Hoc|Any CPU.Deploy.0 = Debug|Any CPU
		{3D6D2F57-97F8-4272-80A5-369CC1D23EFD}.Ad-Hoc|iPhone.ActiveCfg = Debug|Any CPU
		{3D6D2F57-97F8-4272-80A5-369CC1D23EFD}.Ad-Hoc|iPhone.Build.0 = Debug|Any CPU
		{3D6D2F57-97F8-4272-80A5-369CC1D23EFD}.Ad-Hoc|iPhone.Deploy.0 = Debug|Any CPU
		{3D6D2F57-97F8-4272-80A5-369CC1D23EFD}.Ad-Hoc|iPhoneSimulator.ActiveCfg = Debug|Any CPU
		{3D6D2F57-97F8-4272-80A5-369CC1D23EFD}.Ad-Hoc|iPhoneSimulator.Build.0 = Debug|Any CPU
		{3D6D2F57-97F8-4272-80A5-369CC1D23EFD}.Ad-Hoc|iPhoneSimulator.Deploy.0 = Debug|Any CPU
		{3D6D2F57-97F8-4272-80A5-369CC1D23EFD}.AppStore|Any CPU.ActiveCfg = Debug|Any CPU
		{3D6D2F57-97F8-4272-80A5-369CC1D23EFD}.AppStore|Any CPU.Build.0 = Debug|Any CPU
		{3D6D2F57-97F8-4272-80A5-369CC1D23EFD}.AppStore|Any CPU.Deploy.0 = Debug|Any CPU
		{3D6D2F57-97F8-4272-80A5-369CC1D23EFD}.AppStore|iPhone.ActiveCfg = Debug|Any CPU
		{3D6D2F57-97F8-4272-80A5-369CC1D23EFD}.AppStore|iPhone.Build.0 = Debug|Any CPU
		{3D6D2F57-97F8-4272-80A5-369CC1D23EFD}.AppStore|iPhone.Deploy.0 = Debug|Any CPU
		{3D6D2F57-97F8-4272-80A5-369CC1D23EFD}.AppStore|iPhoneSimulator.ActiveCfg = Debug|Any CPU
		{3D6D2F57-97F8-4272-80A5-369CC1D23EFD}.AppStore|iPhoneSimulator.Build.0 = Debug|Any CPU
		{3D6D2F57-97F8-4272-80A5-369CC1D23EFD}.AppStore|iPhoneSimulator.Deploy.0 = Debug|Any CPU
		{3D6D2F57-97F8-4272-80A5-369CC1D23EFD}.Debug|Any CPU.ActiveCfg = Debug|Any CPU
		{3D6D2F57-97F8-4272-80A5-369CC1D23EFD}.Debug|Any CPU.Build.0 = Debug|Any CPU
		{3D6D2F57-97F8-4272-80A5-369CC1D23EFD}.Debug|Any CPU.Deploy.0 = Debug|Any CPU
		{3D6D2F57-97F8-4272-80A5-369CC1D23EFD}.Debug|iPhone.ActiveCfg = Debug|Any CPU
		{3D6D2F57-97F8-4272-80A5-369CC1D23EFD}.Debug|iPhone.Build.0 = Debug|Any CPU
		{3D6D2F57-97F8-4272-80A5-369CC1D23EFD}.Debug|iPhone.Deploy.0 = Debug|Any CPU
		{3D6D2F57-97F8-4272-80A5-369CC1D23EFD}.Debug|iPhoneSimulator.ActiveCfg = Debug|Any CPU
		{3D6D2F57-97F8-4272-80A5-369CC1D23EFD}.Debug|iPhoneSimulator.Build.0 = Debug|Any CPU
		{3D6D2F57-97F8-4272-80A5-369CC1D23EFD}.Debug|iPhoneSimulator.Deploy.0 = Debug|Any CPU
		{3D6D2F57-97F8-4272-80A5-369CC1D23EFD}.Release|Any CPU.ActiveCfg = Release|Any CPU
		{3D6D2F57-97F8-4272-80A5-369CC1D23EFD}.Release|Any CPU.Build.0 = Release|Any CPU
		{3D6D2F57-97F8-4272-80A5-369CC1D23EFD}.Release|Any CPU.Deploy.0 = Release|Any CPU
		{3D6D2F57-97F8-4272-80A5-369CC1D23EFD}.Release|iPhone.ActiveCfg = Release|Any CPU
		{3D6D2F57-97F8-4272-80A5-369CC1D23EFD}.Release|iPhone.Build.0 = Release|Any CPU
		{3D6D2F57-97F8-4272-80A5-369CC1D23EFD}.Release|iPhone.Deploy.0 = Release|Any CPU
		{3D6D2F57-97F8-4272-80A5-369CC1D23EFD}.Release|iPhoneSimulator.ActiveCfg = Release|Any CPU
		{3D6D2F57-97F8-4272-80A5-369CC1D23EFD}.Release|iPhoneSimulator.Build.0 = Release|Any CPU
		{3D6D2F57-97F8-4272-80A5-369CC1D23EFD}.Release|iPhoneSimulator.Deploy.0 = Release|Any CPU
	EndGlobalSection
	GlobalSection(SolutionProperties) = preSolution
		HideSolutionNode = FALSE
	EndGlobalSection
	GlobalSection(ExtensibilityGlobals) = postSolution
		SolutionGuid = {E3019D64-BD8D-4086-8174-62812E653435}
	EndGlobalSection
EndGlobal
