
Microsoft Visual Studio Solution File, Format Version 12.00
# Visual Studio 2012
Project("{FAE04EC0-301F-11D3-BF4B-00C04F79EFBC}") = "NetworkConnectivity.Android", "NetworkConnectivity.Android\NetworkConnectivity.Android.csproj", "{20E94E44-F739-4D53-989E-EEABE58066F1}"
EndProject
Project("{FAE04EC0-301F-11D3-BF4B-00C04F79EFBC}") = "NetworkConnectivity.iOS", "NetworkConnectivity.iOS\NetworkConnectivity.iOS.csproj", "{206478E9-FA0D-48AD-A4EE-C72EF076F090}"
EndProject
Project("{FAE04EC0-301F-11D3-BF4B-00C04F79EFBC}") = "NetworkConnectivity", "NetworkConnectivity\NetworkConnectivity.csproj", "{43D01337-AE8D-483D-BB80-9CE82FBBAA2A}"
EndProject
Global
	GlobalSection(SolutionConfigurationPlatforms) = preSolution
		Debug|Any CPU = Debug|Any CPU
		Release|Any CPU = Release|Any CPU
		Debug|iPhoneSimulator = Debug|iPhoneSimulator
		Release|iPhoneSimulator = Release|iPhoneSimulator
		Debug|iPhone = Debug|iPhone
		Release|iPhone = Release|iPhone
		Ad-Hoc|iPhone = Ad-Hoc|iPhone
		AppStore|iPhone = AppStore|iPhone
	EndGlobalSection
	GlobalSection(ProjectConfigurationPlatforms) = postSolution
		{20E94E44-F739-4D53-989E-EEABE58066F1}.Debug|Any CPU.ActiveCfg = Debug|Any CPU
		{20E94E44-F739-4D53-989E-EEABE58066F1}.Debug|Any CPU.Build.0 = Debug|Any CPU
		{20E94E44-F739-4D53-989E-EEABE58066F1}.Release|Any CPU.ActiveCfg = Release|Any CPU
		{20E94E44-F739-4D53-989E-EEABE58066F1}.Release|Any CPU.Build.0 = Release|Any CPU
		{20E94E44-F739-4D53-989E-EEABE58066F1}.Debug|iPhoneSimulator.ActiveCfg = Debug|Any CPU
		{20E94E44-F739-4D53-989E-EEABE58066F1}.Debug|iPhoneSimulator.Build.0 = Debug|Any CPU
		{20E94E44-F739-4D53-989E-EEABE58066F1}.Release|iPhoneSimulator.ActiveCfg = Release|Any CPU
		{20E94E44-F739-4D53-989E-EEABE58066F1}.Release|iPhoneSimulator.Build.0 = Release|Any CPU
		{20E94E44-F739-4D53-989E-EEABE58066F1}.Debug|iPhone.ActiveCfg = Debug|Any CPU
		{20E94E44-F739-4D53-989E-EEABE58066F1}.Debug|iPhone.Build.0 = Debug|Any CPU
		{20E94E44-F739-4D53-989E-EEABE58066F1}.Release|iPhone.ActiveCfg = Release|Any CPU
		{20E94E44-F739-4D53-989E-EEABE58066F1}.Release|iPhone.Build.0 = Release|Any CPU
		{20E94E44-F739-4D53-989E-EEABE58066F1}.Ad-Hoc|iPhone.ActiveCfg = Debug|Any CPU
		{20E94E44-F739-4D53-989E-EEABE58066F1}.Ad-Hoc|iPhone.Build.0 = Debug|Any CPU
		{20E94E44-F739-4D53-989E-EEABE58066F1}.AppStore|iPhone.ActiveCfg = Debug|Any CPU
		{20E94E44-F739-4D53-989E-EEABE58066F1}.AppStore|iPhone.Build.0 = Debug|Any CPU
		{206478E9-FA0D-48AD-A4EE-C72EF076F090}.Debug|Any CPU.ActiveCfg = Debug|iPhoneSimulator
		{206478E9-FA0D-48AD-A4EE-C72EF076F090}.Debug|Any CPU.Build.0 = Debug|iPhoneSimulator
		{206478E9-FA0D-48AD-A4EE-C72EF076F090}.Release|Any CPU.ActiveCfg = Release|iPhoneSimulator
		{206478E9-FA0D-48AD-A4EE-C72EF076F090}.Release|Any CPU.Build.0 = Release|iPhoneSimulator
		{206478E9-FA0D-48AD-A4EE-C72EF076F090}.Debug|iPhoneSimulator.ActiveCfg = Debug|iPhoneSimulator
		{206478E9-FA0D-48AD-A4EE-C72EF076F090}.Debug|iPhoneSimulator.Build.0 = Debug|iPhoneSimulator
		{206478E9-FA0D-48AD-A4EE-C72EF076F090}.Release|iPhoneSimulator.ActiveCfg = Release|iPhoneSimulator
		{206478E9-FA0D-48AD-A4EE-C72EF076F090}.Release|iPhoneSimulator.Build.0 = Release|iPhoneSimulator
		{206478E9-FA0D-48AD-A4EE-C72EF076F090}.Debug|iPhone.ActiveCfg = Debug|iPhone
		{206478E9-FA0D-48AD-A4EE-C72EF076F090}.Debug|iPhone.Build.0 = Debug|iPhone
		{206478E9-FA0D-48AD-A4EE-C72EF076F090}.Release|iPhone.ActiveCfg = Release|iPhone
		{206478E9-FA0D-48AD-A4EE-C72EF076F090}.Release|iPhone.Build.0 = Release|iPhone
		{206478E9-FA0D-48AD-A4EE-C72EF076F090}.Ad-Hoc|iPhone.ActiveCfg = Ad-Hoc|iPhone
		{206478E9-FA0D-48AD-A4EE-C72EF076F090}.Ad-Hoc|iPhone.Build.0 = Ad-Hoc|iPhone
		{206478E9-FA0D-48AD-A4EE-C72EF076F090}.AppStore|iPhone.ActiveCfg = AppStore|iPhone
		{206478E9-FA0D-48AD-A4EE-C72EF076F090}.AppStore|iPhone.Build.0 = AppStore|iPhone
		{43D01337-AE8D-483D-BB80-9CE82FBBAA2A}.Debug|Any CPU.ActiveCfg = Debug|Any CPU
		{43D01337-AE8D-483D-BB80-9CE82FBBAA2A}.Debug|Any CPU.Build.0 = Debug|Any CPU
		{43D01337-AE8D-483D-BB80-9CE82FBBAA2A}.Release|Any CPU.ActiveCfg = Release|Any CPU
		{43D01337-AE8D-483D-BB80-9CE82FBBAA2A}.Release|Any CPU.Build.0 = Release|Any CPU
		{43D01337-AE8D-483D-BB80-9CE82FBBAA2A}.Debug|iPhoneSimulator.ActiveCfg = Debug|Any CPU
		{43D01337-AE8D-483D-BB80-9CE82FBBAA2A}.Debug|iPhoneSimulator.Build.0 = Debug|Any CPU
		{43D01337-AE8D-483D-BB80-9CE82FBBAA2A}.Release|iPhoneSimulator.ActiveCfg = Release|Any CPU
		{43D01337-AE8D-483D-BB80-9CE82FBBAA2A}.Release|iPhoneSimulator.Build.0 = Release|Any CPU
		{43D01337-AE8D-483D-BB80-9CE82FBBAA2A}.Debug|iPhone.ActiveCfg = Debug|Any CPU
		{43D01337-AE8D-483D-BB80-9CE82FBBAA2A}.Debug|iPhone.Build.0 = Debug|Any CPU
		{43D01337-AE8D-483D-BB80-9CE82FBBAA2A}.Release|iPhone.ActiveCfg = Release|Any CPU
		{43D01337-AE8D-483D-BB80-9CE82FBBAA2A}.Release|iPhone.Build.0 = Release|Any CPU
		{43D01337-AE8D-483D-BB80-9CE82FBBAA2A}.Ad-Hoc|iPhone.ActiveCfg = Debug|Any CPU
		{43D01337-AE8D-483D-BB80-9CE82FBBAA2A}.Ad-Hoc|iPhone.Build.0 = Debug|Any CPU
		{43D01337-AE8D-483D-BB80-9CE82FBBAA2A}.AppStore|iPhone.ActiveCfg = Debug|Any CPU
		{43D01337-AE8D-483D-BB80-9CE82FBBAA2A}.AppStore|iPhone.Build.0 = Debug|Any CPU
	EndGlobalSection
EndGlobal
